// !$*UTF8*$!
{
	archiveVersion = 1;
	classes = {
	};
	objectVersion = 56;
	objects = {

/* Begin PBXBuildFile section */
		36558DEE2C84C393004A83BC /* NewsNetwork.swift in Sources */ = {isa = PBXBuildFile; fileRef = 36558DED2C84C393004A83BC /* NewsNetwork.swift */; };
		36558DF52C84C60E004A83BC /* NewsModel.swift in Sources */ = {isa = PBXBuildFile; fileRef = 36558DF42C84C60E004A83BC /* NewsModel.swift */; };
		36558DF92C84D33F004A83BC /* UIView+Ext.swift in Sources */ = {isa = PBXBuildFile; fileRef = 36558DF82C84D33F004A83BC /* UIView+Ext.swift */; };
		365E988D2C85D6FD0099EAED /* SplashScreen.swift in Sources */ = {isa = PBXBuildFile; fileRef = 365E988C2C85D6FD0099EAED /* SplashScreen.swift */; };
		36AA919F2C84B53B00638669 /* NetworkConstants.swift in Sources */ = {isa = PBXBuildFile; fileRef = 36AA919E2C84B53B00638669 /* NetworkConstants.swift */; };
		36AA91A32C84BDC800638669 /* NetworkCaller.swift in Sources */ = {isa = PBXBuildFile; fileRef = 36AA91A22C84BDC800638669 /* NetworkCaller.swift */; };
		36C0766E2C83273300D72500 /* AppDelegate.swift in Sources */ = {isa = PBXBuildFile; fileRef = 36C0766D2C83273300D72500 /* AppDelegate.swift */; };
		36C076702C83273300D72500 /* SceneDelegate.swift in Sources */ = {isa = PBXBuildFile; fileRef = 36C0766F2C83273300D72500 /* SceneDelegate.swift */; };
		36C076772C83273400D72500 /* Assets.xcassets in Resources */ = {isa = PBXBuildFile; fileRef = 36C076762C83273400D72500 /* Assets.xcassets */; };
		36C0767A2C83273400D72500 /* Base in Resources */ = {isa = PBXBuildFile; fileRef = 36C076792C83273400D72500 /* Base */; };
		36C076882C8327F900D72500 /* HomePageVC.swift in Sources */ = {isa = PBXBuildFile; fileRef = 36C076872C8327F900D72500 /* HomePageVC.swift */; };
/* End PBXBuildFile section */

/* Begin PBXFileReference section */
		36558DED2C84C393004A83BC /* NewsNetwork.swift */ = {isa = PBXFileReference; lastKnownFileType = sourcecode.swift; path = NewsNetwork.swift; sourceTree = "<group>"; };
		36558DF42C84C60E004A83BC /* NewsModel.swift */ = {isa = PBXFileReference; lastKnownFileType = sourcecode.swift; path = NewsModel.swift; sourceTree = "<group>"; };
		36558DF82C84D33F004A83BC /* UIView+Ext.swift */ = {isa = PBXFileReference; lastKnownFileType = sourcecode.swift; path = "UIView+Ext.swift"; sourceTree = "<group>"; };
		365E988C2C85D6FD0099EAED /* SplashScreen.swift */ = {isa = PBXFileReference; lastKnownFileType = sourcecode.swift; path = SplashScreen.swift; sourceTree = "<group>"; };
		36AA919E2C84B53B00638669 /* NetworkConstants.swift */ = {isa = PBXFileReference; lastKnownFileType = sourcecode.swift; path = NetworkConstants.swift; sourceTree = "<group>"; };
		36AA91A22C84BDC800638669 /* NetworkCaller.swift */ = {isa = PBXFileReference; lastKnownFileType = sourcecode.swift; path = NetworkCaller.swift; sourceTree = "<group>"; };
		36C0766A2C83273300D72500 /* MyNews.app */ = {isa = PBXFileReference; explicitFileType = wrapper.application; includeInIndex = 0; path = MyNews.app; sourceTree = BUILT_PRODUCTS_DIR; };
		36C0766D2C83273300D72500 /* AppDelegate.swift */ = {isa = PBXFileReference; lastKnownFileType = sourcecode.swift; path = AppDelegate.swift; sourceTree = "<group>"; };
		36C0766F2C83273300D72500 /* SceneDelegate.swift */ = {isa = PBXFileReference; lastKnownFileType = sourcecode.swift; path = SceneDelegate.swift; sourceTree = "<group>"; };
		36C076762C83273400D72500 /* Assets.xcassets */ = {isa = PBXFileReference; lastKnownFileType = folder.assetcatalog; path = Assets.xcassets; sourceTree = "<group>"; };
		36C076792C83273400D72500 /* Base */ = {isa = PBXFileReference; lastKnownFileType = file.storyboard; name = Base; path = Base.lproj/LaunchScreen.storyboard; sourceTree = "<group>"; };
		36C0767B2C83273400D72500 /* Info.plist */ = {isa = PBXFileReference; lastKnownFileType = text.plist.xml; path = Info.plist; sourceTree = "<group>"; };
		36C076872C8327F900D72500 /* HomePageVC.swift */ = {isa = PBXFileReference; lastKnownFileType = sourcecode.swift; path = HomePageVC.swift; sourceTree = "<group>"; };
/* End PBXFileReference section */

/* Begin PBXFrameworksBuildPhase section */
		36C076672C83273300D72500 /* Frameworks */ = {
			isa = PBXFrameworksBuildPhase;
			buildActionMask = 2147483647;
			files = (
			);
			runOnlyForDeploymentPostprocessing = 0;
		};
/* End PBXFrameworksBuildPhase section */

/* Begin PBXGroup section */
		36558DF32C84C603004A83BC /* Model */ = {
			isa = PBXGroup;
			children = (
				36558DF42C84C60E004A83BC /* NewsModel.swift */,
			);
			path = Model;
			sourceTree = "<group>";
		};
		36558DF62C84D324004A83BC /* Common */ = {
			isa = PBXGroup;
			children = (
				36558DF72C84D32B004A83BC /* Extensions */,
			);
			path = Common;
			sourceTree = "<group>";
		};
		36558DF72C84D32B004A83BC /* Extensions */ = {
			isa = PBXGroup;
			children = (
				36558DF82C84D33F004A83BC /* UIView+Ext.swift */,
			);
			path = Extensions;
			sourceTree = "<group>";
		};
		365E98892C85D6D00099EAED /* SplashScreen */ = {
			isa = PBXGroup;
			children = (
				365E988C2C85D6FD0099EAED /* SplashScreen.swift */,
			);
			path = SplashScreen;
			sourceTree = "<group>";
		};
		36AA91992C84B41300638669 /* Services */ = {
			isa = PBXGroup;
			children = (
				36558DF32C84C603004A83BC /* Model */,
				36AA919A2C84B41C00638669 /* APIService */,
			);
			path = Services;
			sourceTree = "<group>";
		};
		36AA919A2C84B41C00638669 /* APIService */ = {
			isa = PBXGroup;
			children = (
				36AA919E2C84B53B00638669 /* NetworkConstants.swift */,
				36AA91A22C84BDC800638669 /* NetworkCaller.swift */,
				36558DED2C84C393004A83BC /* NewsNetwork.swift */,
			);
			path = APIService;
			sourceTree = "<group>";
		};
		36C076612C83273300D72500 = {
			isa = PBXGroup;
			children = (
				36C0766C2C83273300D72500 /* MyNews */,
				36C0766B2C83273300D72500 /* Products */,
			);
			sourceTree = "<group>";
		};
		36C0766B2C83273300D72500 /* Products */ = {
			isa = PBXGroup;
			children = (
				36C0766A2C83273300D72500 /* MyNews.app */,
			);
			name = Products;
			sourceTree = "<group>";
		};
		36C0766C2C83273300D72500 /* MyNews */ = {
			isa = PBXGroup;
			children = (
				36C076842C83277300D72500 /* App */,
				36C076832C83277000D72500 /* Base */,
				36558DF62C84D324004A83BC /* Common */,
				36AA91992C84B41300638669 /* Services */,
				36C076822C83276A00D72500 /* Screens */,
				36C076812C83276700D72500 /* Supports */,
			);
			path = MyNews;
			sourceTree = "<group>";
		};
		36C076812C83276700D72500 /* Supports */ = {
			isa = PBXGroup;
			children = (
				36C076762C83273400D72500 /* Assets.xcassets */,
				36C0767B2C83273400D72500 /* Info.plist */,
			);
			path = Supports;
			sourceTree = "<group>";
		};
		36C076822C83276A00D72500 /* Screens */ = {
			isa = PBXGroup;
			children = (
				365E98892C85D6D00099EAED /* SplashScreen */,
				36C076852C8327D200D72500 /* Home Page */,
			);
			path = Screens;
			sourceTree = "<group>";
		};
		36C076832C83277000D72500 /* Base */ = {
			isa = PBXGroup;
			children = (
				36C076782C83273400D72500 /* LaunchScreen.storyboard */,
			);
			path = Base;
			sourceTree = "<group>";
		};
		36C076842C83277300D72500 /* App */ = {
			isa = PBXGroup;
			children = (
				36C0766D2C83273300D72500 /* AppDelegate.swift */,
				36C0766F2C83273300D72500 /* SceneDelegate.swift */,
			);
			path = App;
			sourceTree = "<group>";
		};
		36C076852C8327D200D72500 /* Home Page */ = {
			isa = PBXGroup;
			children = (
				36C076862C8327E800D72500 /* Views */,
			);
			path = "Home Page";
			sourceTree = "<group>";
		};
		36C076862C8327E800D72500 /* Views */ = {
			isa = PBXGroup;
			children = (
				36C076872C8327F900D72500 /* HomePageVC.swift */,
			);
			path = Views;
			sourceTree = "<group>";
		};
/* End PBXGroup section */

/* Begin PBXNativeTarget section */
		36C076692C83273300D72500 /* MyNews */ = {
			isa = PBXNativeTarget;
			buildConfigurationList = 36C0767E2C83273400D72500 /* Build configuration list for PBXNativeTarget "MyNews" */;
			buildPhases = (
				36C076662C83273300D72500 /* Sources */,
				36C076672C83273300D72500 /* Frameworks */,
				36C076682C83273300D72500 /* Resources */,
			);
			buildRules = (
			);
			dependencies = (
			);
			name = MyNews;
			productName = MyNews;
			productReference = 36C0766A2C83273300D72500 /* MyNews.app */;
			productType = "com.apple.product-type.application";
		};
/* End PBXNativeTarget section */

/* Begin PBXProject section */
		36C076622C83273300D72500 /* Project object */ = {
			isa = PBXProject;
			attributes = {
				BuildIndependentTargetsInParallel = 1;
				LastSwiftUpdateCheck = 1530;
				LastUpgradeCheck = 1530;
				TargetAttributes = {
					36C076692C83273300D72500 = {
						CreatedOnToolsVersion = 15.3;
					};
				};
			};
			buildConfigurationList = 36C076652C83273300D72500 /* Build configuration list for PBXProject "MyNews" */;
			compatibilityVersion = "Xcode 14.0";
			developmentRegion = en;
			hasScannedForEncodings = 0;
			knownRegions = (
				en,
				Base,
			);
			mainGroup = 36C076612C83273300D72500;
			productRefGroup = 36C0766B2C83273300D72500 /* Products */;
			projectDirPath = "";
			projectRoot = "";
			targets = (
				36C076692C83273300D72500 /* MyNews */,
			);
		};
/* End PBXProject section */

/* Begin PBXResourcesBuildPhase section */
		36C076682C83273300D72500 /* Resources */ = {
			isa = PBXResourcesBuildPhase;
			buildActionMask = 2147483647;
			files = (
				36C076772C83273400D72500 /* Assets.xcassets in Resources */,
				36C0767A2C83273400D72500 /* Base in Resources */,
			);
			runOnlyForDeploymentPostprocessing = 0;
		};
/* End PBXResourcesBuildPhase section */

/* Begin PBXSourcesBuildPhase section */
		36C076662C83273300D72500 /* Sources */ = {
			isa = PBXSourcesBuildPhase;
			buildActionMask = 2147483647;
			files = (
				365E988D2C85D6FD0099EAED /* SplashScreen.swift in Sources */,
				36558DF92C84D33F004A83BC /* UIView+Ext.swift in Sources */,
				36558DF52C84C60E004A83BC /* NewsModel.swift in Sources */,
				36AA91A32C84BDC800638669 /* NetworkCaller.swift in Sources */,
				36C0766E2C83273300D72500 /* AppDelegate.swift in Sources */,
				36558DEE2C84C393004A83BC /* NewsNetwork.swift in Sources */,
				36AA919F2C84B53B00638669 /* NetworkConstants.swift in Sources */,
				36C076702C83273300D72500 /* SceneDelegate.swift in Sources */,
				36C076882C8327F900D72500 /* HomePageVC.swift in Sources */,
			);
			runOnlyForDeploymentPostprocessing = 0;
		};
/* End PBXSourcesBuildPhase section */

/* Begin PBXVariantGroup section */
		36C076782C83273400D72500 /* LaunchScreen.storyboard */ = {
			isa = PBXVariantGroup;
			children = (
				36C076792C83273400D72500 /* Base */,
			);
			name = LaunchScreen.storyboard;
			sourceTree = "<group>";
		};
/* End PBXVariantGroup section */

/* Begin XCBuildConfiguration section */
		36C0767C2C83273400D72500 /* Debug */ = {
			isa = XCBuildConfiguration;
			buildSettings = {
				ALWAYS_SEARCH_USER_PATHS = NO;
				ASSETCATALOG_COMPILER_GENERATE_SWIFT_ASSET_SYMBOL_EXTENSIONS = YES;
				CLANG_ANALYZER_NONNULL = YES;
				CLANG_ANALYZER_NUMBER_OBJECT_CONVERSION = YES_AGGRESSIVE;
				CLANG_CXX_LANGUAGE_STANDARD = "gnu++20";
				CLANG_ENABLE_MODULES = YES;
				CLANG_ENABLE_OBJC_ARC = YES;
				CLANG_ENABLE_OBJC_WEAK = YES;
				CLANG_WARN_BLOCK_CAPTURE_AUTORELEASING = YES;
				CLANG_WARN_BOOL_CONVERSION = YES;
				CLANG_WARN_COMMA = YES;
				CLANG_WARN_CONSTANT_CONVERSION = YES;
				CLANG_WARN_DEPRECATED_OBJC_IMPLEMENTATIONS = YES;
				CLANG_WARN_DIRECT_OBJC_ISA_USAGE = YES_ERROR;
				CLANG_WARN_DOCUMENTATION_COMMENTS = YES;
				CLANG_WARN_EMPTY_BODY = YES;
				CLANG_WARN_ENUM_CONVERSION = YES;
				CLANG_WARN_INFINITE_RECURSION = YES;
				CLANG_WARN_INT_CONVERSION = YES;
				CLANG_WARN_NON_LITERAL_NULL_CONVERSION = YES;
				CLANG_WARN_OBJC_IMPLICIT_RETAIN_SELF = YES;
				CLANG_WARN_OBJC_LITERAL_CONVERSION = YES;
				CLANG_WARN_OBJC_ROOT_CLASS = YES_ERROR;
				CLANG_WARN_QUOTED_INCLUDE_IN_FRAMEWORK_HEADER = YES;
				CLANG_WARN_RANGE_LOOP_ANALYSIS = YES;
				CLANG_WARN_STRICT_PROTOTYPES = YES;
				CLANG_WARN_SUSPICIOUS_MOVE = YES;
				CLANG_WARN_UNGUARDED_AVAILABILITY = YES_AGGRESSIVE;
				CLANG_WARN_UNREACHABLE_CODE = YES;
				CLANG_WARN__DUPLICATE_METHOD_MATCH = YES;
				COPY_PHASE_STRIP = NO;
				DEBUG_INFORMATION_FORMAT = dwarf;
				ENABLE_STRICT_OBJC_MSGSEND = YES;
				ENABLE_TESTABILITY = YES;
				ENABLE_USER_SCRIPT_SANDBOXING = YES;
				GCC_C_LANGUAGE_STANDARD = gnu17;
				GCC_DYNAMIC_NO_PIC = NO;
				GCC_NO_COMMON_BLOCKS = YES;
				GCC_OPTIMIZATION_LEVEL = 0;
				GCC_PREPROCESSOR_DEFINITIONS = (
					"DEBUG=1",
					"$(inherited)",
				);
				GCC_WARN_64_TO_32_BIT_CONVERSION = YES;
				GCC_WARN_ABOUT_RETURN_TYPE = YES_ERROR;
				GCC_WARN_UNDECLARED_SELECTOR = YES;
				GCC_WARN_UNINITIALIZED_AUTOS = YES_AGGRESSIVE;
				GCC_WARN_UNUSED_FUNCTION = YES;
				GCC_WARN_UNUSED_VARIABLE = YES;
				IPHONEOS_DEPLOYMENT_TARGET = 17.4;
				LOCALIZATION_PREFERS_STRING_CATALOGS = YES;
				MTL_ENABLE_DEBUG_INFO = INCLUDE_SOURCE;
				MTL_FAST_MATH = YES;
				ONLY_ACTIVE_ARCH = YES;
				SDKROOT = iphoneos;
				SWIFT_ACTIVE_COMPILATION_CONDITIONS = "DEBUG $(inherited)";
				SWIFT_OPTIMIZATION_LEVEL = "-Onone";
			};
			name = Debug;
		};
		36C0767D2C83273400D72500 /* Release */ = {
			isa = XCBuildConfiguration;
			buildSettings = {
				ALWAYS_SEARCH_USER_PATHS = NO;
				ASSETCATALOG_COMPILER_GENERATE_SWIFT_ASSET_SYMBOL_EXTENSIONS = YES;
				CLANG_ANALYZER_NONNULL = YES;
				CLANG_ANALYZER_NUMBER_OBJECT_CONVERSION = YES_AGGRESSIVE;
				CLANG_CXX_LANGUAGE_STANDARD = "gnu++20";
				CLANG_ENABLE_MODULES = YES;
				CLANG_ENABLE_OBJC_ARC = YES;
				CLANG_ENABLE_OBJC_WEAK = YES;
				CLANG_WARN_BLOCK_CAPTURE_AUTORELEASING = YES;
				CLANG_WARN_BOOL_CONVERSION = YES;
				CLANG_WARN_COMMA = YES;
				CLANG_WARN_CONSTANT_CONVERSION = YES;
				CLANG_WARN_DEPRECATED_OBJC_IMPLEMENTATIONS = YES;
				CLANG_WARN_DIRECT_OBJC_ISA_USAGE = YES_ERROR;
				CLANG_WARN_DOCUMENTATION_COMMENTS = YES;
				CLANG_WARN_EMPTY_BODY = YES;
				CLANG_WARN_ENUM_CONVERSION = YES;
				CLANG_WARN_INFINITE_RECURSION = YES;
				CLANG_WARN_INT_CONVERSION = YES;
				CLANG_WARN_NON_LITERAL_NULL_CONVERSION = YES;
				CLANG_WARN_OBJC_IMPLICIT_RETAIN_SELF = YES;
				CLANG_WARN_OBJC_LITERAL_CONVERSION = YES;
				CLANG_WARN_OBJC_ROOT_CLASS = YES_ERROR;
				CLANG_WARN_QUOTED_INCLUDE_IN_FRAMEWORK_HEADER = YES;
				CLANG_WARN_RANGE_LOOP_ANALYSIS = YES;
				CLANG_WARN_STRICT_PROTOTYPES = YES;
				CLANG_WARN_SUSPICIOUS_MOVE = YES;
				CLANG_WARN_UNGUARDED_AVAILABILITY = YES_AGGRESSIVE;
				CLANG_WARN_UNREACHABLE_CODE = YES;
				CLANG_WARN__DUPLICATE_METHOD_MATCH = YES;
				COPY_PHASE_STRIP = NO;
				DEBUG_INFORMATION_FORMAT = "dwarf-with-dsym";
				ENABLE_NS_ASSERTIONS = NO;
				ENABLE_STRICT_OBJC_MSGSEND = YES;
				ENABLE_USER_SCRIPT_SANDBOXING = YES;
				GCC_C_LANGUAGE_STANDARD = gnu17;
				GCC_NO_COMMON_BLOCKS = YES;
				GCC_WARN_64_TO_32_BIT_CONVERSION = YES;
				GCC_WARN_ABOUT_RETURN_TYPE = YES_ERROR;
				GCC_WARN_UNDECLARED_SELECTOR = YES;
				GCC_WARN_UNINITIALIZED_AUTOS = YES_AGGRESSIVE;
				GCC_WARN_UNUSED_FUNCTION = YES;
				GCC_WARN_UNUSED_VARIABLE = YES;
				IPHONEOS_DEPLOYMENT_TARGET = 17.4;
				LOCALIZATION_PREFERS_STRING_CATALOGS = YES;
				MTL_ENABLE_DEBUG_INFO = NO;
				MTL_FAST_MATH = YES;
				SDKROOT = iphoneos;
				SWIFT_COMPILATION_MODE = wholemodule;
				VALIDATE_PRODUCT = YES;
			};
			name = Release;
		};
		36C0767F2C83273400D72500 /* Debug */ = {
			isa = XCBuildConfiguration;
			buildSettings = {
				ASSETCATALOG_COMPILER_APPICON_NAME = AppIcon;
				ASSETCATALOG_COMPILER_GLOBAL_ACCENT_COLOR_NAME = AccentColor;
				CODE_SIGN_STYLE = Automatic;
				CURRENT_PROJECT_VERSION = 1;
				DEVELOPMENT_TEAM = 4PWXK2XHJ9;
				GENERATE_INFOPLIST_FILE = YES;
				INFOPLIST_FILE = MyNews/Supports/Info.plist;
				INFOPLIST_KEY_UIApplicationSupportsIndirectInputEvents = YES;
				INFOPLIST_KEY_UILaunchStoryboardName = LaunchScreen;
				INFOPLIST_KEY_UISupportedInterfaceOrientations = UIInterfaceOrientationPortrait;
				INFOPLIST_KEY_UISupportedInterfaceOrientations_iPad = "UIInterfaceOrientationLandscapeLeft UIInterfaceOrientationLandscapeRight UIInterfaceOrientationPortrait UIInterfaceOrientationPortraitUpsideDown";
				LD_RUNPATH_SEARCH_PATHS = (
					"$(inherited)",
					"@executable_path/Frameworks",
				);
				MARKETING_VERSION = 1.0;
				PRODUCT_BUNDLE_IDENTIFIER = com.canguldev.MyNews;
				PRODUCT_NAME = "$(TARGET_NAME)";
				SUPPORTED_PLATFORMS = "iphoneos iphonesimulator";
				SUPPORTS_MACCATALYST = NO;
				SUPPORTS_MAC_DESIGNED_FOR_IPHONE_IPAD = NO;
				SUPPORTS_XR_DESIGNED_FOR_IPHONE_IPAD = NO;
				SWIFT_EMIT_LOC_STRINGS = YES;
				SWIFT_VERSION = 5.0;
				TARGETED_DEVICE_FAMILY = 1;
			};
			name = Debug;
		};
		36C076802C83273400D72500 /* Release */ = {
			isa = XCBuildConfiguration;
			buildSettings = {
				ASSETCATALOG_COMPILER_APPICON_NAME = AppIcon;
				ASSETCATALOG_COMPILER_GLOBAL_ACCENT_COLOR_NAME = AccentColor;
				CODE_SIGN_STYLE = Automatic;
				CURRENT_PROJECT_VERSION = 1;
				DEVELOPMENT_TEAM = 4PWXK2XHJ9;
				GENERATE_INFOPLIST_FILE = YES;
				INFOPLIST_FILE = MyNews/Supports/Info.plist;
				INFOPLIST_KEY_UIApplicationSupportsIndirectInputEvents = YES;
				INFOPLIST_KEY_UILaunchStoryboardName = LaunchScreen;
				INFOPLIST_KEY_UISupportedInterfaceOrientations = UIInterfaceOrientationPortrait;
				INFOPLIST_KEY_UISupportedInterfaceOrientations_iPad = "UIInterfaceOrientationLandscapeLeft UIInterfaceOrientationLandscapeRight UIInterfaceOrientationPortrait UIInterfaceOrientationPortraitUpsideDown";
				LD_RUNPATH_SEARCH_PATHS = (
					"$(inherited)",
					"@executable_path/Frameworks",
				);
				MARKETING_VERSION = 1.0;
				PRODUCT_BUNDLE_IDENTIFIER = com.canguldev.MyNews;
				PRODUCT_NAME = "$(TARGET_NAME)";
				SUPPORTED_PLATFORMS = "iphoneos iphonesimulator";
				SUPPORTS_MACCATALYST = NO;
				SUPPORTS_MAC_DESIGNED_FOR_IPHONE_IPAD = NO;
				SUPPORTS_XR_DESIGNED_FOR_IPHONE_IPAD = NO;
				SWIFT_EMIT_LOC_STRINGS = YES;
				SWIFT_VERSION = 5.0;
				TARGETED_DEVICE_FAMILY = 1;
			};
			name = Release;
		};
/* End XCBuildConfiguration section */

/* Begin XCConfigurationList section */
		36C076652C83273300D72500 /* Build configuration list for PBXProject "MyNews" */ = {
			isa = XCConfigurationList;
			buildConfigurations = (
				36C0767C2C83273400D72500 /* Debug */,
				36C0767D2C83273400D72500 /* Release */,
			);
			defaultConfigurationIsVisible = 0;
			defaultConfigurationName = Release;
		};
		36C0767E2C83273400D72500 /* Build configuration list for PBXNativeTarget "MyNews" */ = {
			isa = XCConfigurationList;
			buildConfigurations = (
				36C0767F2C83273400D72500 /* Debug */,
				36C076802C83273400D72500 /* Release */,
			);
			defaultConfigurationIsVisible = 0;
			defaultConfigurationName = Release;
		};
/* End XCConfigurationList section */
	};
	rootObject = 36C076622C83273300D72500 /* Project object */;
}
